Microsoft Visual Studio Solution File, Format Version 12.00
# Visual Studio Version 17
VisualStudioVersion = 17.5.2.0
MinimumVisualStudioVersion = 10.0.40219.1
Project("{FAE04EC0-301F-11D3-BF4B-00C04F79EFBC}") = "bateka.games", "bateka.games.csproj", "{16BFD840-40C3-DA23-E09F-12E58D070149}"
EndProject
Global
	GlobalSection(SolutionConfigurationPlatforms) = preSolution
		Debug|Any CPU = Debug|Any CPU
		Release|Any CPU = Release|Any CPU
	EndGlobalSection
	GlobalSection(ProjectConfigurationPlatforms) = postSolution
		{16BFD840-40C3-DA23-E09F-12E58D070149}.Debug|Any CPU.ActiveCfg = Debug|Any CPU
		{16BFD840-40C3-DA23-E09F-12E58D070149}.Debug|Any CPU.Build.0 = Debug|Any CPU
		{16BFD840-40C3-DA23-E09F-12E58D070149}.Release|Any CPU.ActiveCfg = Release|Any CPU
		{16BFD840-40C3-DA23-E09F-12E58D070149}.Release|Any CPU.Build.0 = Release|Any CPU
	EndGlobalSection
	GlobalSection(SolutionProperties) = preSolution
		HideSolutionNode = FALSE
	EndGlobalSection
	GlobalSection(ExtensibilityGlobals) = postSolution
		SolutionGuid = {8C82059B-A353-4CAD-838A-82CC61D11340}
	EndGlobalSection
EndGlobal
